Microsoft Visual Studio Solution File, Format Version 12.00
# Visual Studio Version 17
VisualStudioVersion = 17.5.2.0
MinimumVisualStudioVersion = 10.0.40219.1
Project("{FAE04EC0-301F-11D3-BF4B-00C04F79EFBC}") = "exercicio_carros", "exercicio_carros.csproj", "{B1BFF7F7-1507-79E5-7616-CB3292DC44A0}"
EndProject
Global
	GlobalSection(SolutionConfigurationPlatforms) = preSolution
		Debug|Any CPU = Debug|Any CPU
		Release|Any CPU = Release|Any CPU
	EndGlobalSection
	GlobalSection(ProjectConfigurationPlatforms) = postSolution
		{B1BFF7F7-1507-79E5-7616-CB3292DC44A0}.Debug|Any CPU.ActiveCfg = Debug|Any CPU
		{B1BFF7F7-1507-79E5-7616-CB3292DC44A0}.Debug|Any CPU.Build.0 = Debug|Any CPU
		{B1BFF7F7-1507-79E5-7616-CB3292DC44A0}.Release|Any CPU.ActiveCfg = Release|Any CPU
		{B1BFF7F7-1507-79E5-7616-CB3292DC44A0}.Release|Any CPU.Build.0 = Release|Any CPU
	EndGlobalSection
	GlobalSection(SolutionProperties) = preSolution
		HideSolutionNode = FALSE
	EndGlobalSection
	GlobalSection(ExtensibilityGlobals) = postSolution
		SolutionGuid = {B8F4ED87-B3A9-4806-8377-65755E047543}
	EndGlobalSection
EndGlobal
